
Microsoft Visual Studio Solution File, Format Version 12.00
# Visual Studio Version 17
VisualStudioVersion = 17.8.34408.163
MinimumVisualStudioVersion = 10.0.40219.1
Project("{9A19103F-16F7-4668-BE54-9A1E7A4F7556}") = "Arrays", "Arrays\Arrays.csproj", "{8F6BF900-C1C2-4574-A285-AB31A715D4F6}"
EndProject
Project("{2150E333-8FDC-42A3-9474-1A3956D46DE8}") = "ClassLibraries", "ClassLibraries", "{DAFADE50-9479-4F4B-9BF2-11C19CD68D2F}"
EndProject
Project("{9A19103F-16F7-4668-BE54-9A1E7A4F7556}") = "StaticClasses", "StaticClasses\StaticClasses.csproj", "{6293CD12-703B-45E9-93BB-D73CEE5B5320}"
EndProject
Project("{9A19103F-16F7-4668-BE54-9A1E7A4F7556}") = "Workers", "Workers\Workers.csproj", "{11FFD42D-E5AD-48AC-9730-50C402D9F6D2}"
EndProject
Project("{9A19103F-16F7-4668-BE54-9A1E7A4F7556}") = "Classes.Inheritance", "Classes.Inheritance\Classes.Inheritance.csproj", "{A6A4CAEE-FD73-46FC-B434-88EA2A65E9D4}"
EndProject
Project("{9A19103F-16F7-4668-BE54-9A1E7A4F7556}") = "Workers.Interfaces", "Workers.Interfaces\Workers.Interfaces.csproj", "{AFC57237-CA95-4E98-96C4-1BE94CD1CE40}"
EndProject
Project("{9A19103F-16F7-4668-BE54-9A1E7A4F7556}") = "Classes.Interfaces", "Classes.Interfaces\Classes.Interfaces.csproj", "{BC266546-6D99-47CB-93DB-3CA5276319EA}"
EndProject
Project("{9A19103F-16F7-4668-BE54-9A1E7A4F7556}") = "Classes.Generics", "Classes.Generics\Classes.Generics.csproj", "{61AFB7C9-5573-4C28-938C-69EB5DE9D251}"
EndProject
Project("{2150E333-8FDC-42A3-9474-1A3956D46DE8}") = "Homework", "Homework", "{9E201C40-6788-4980-9FDC-BA5590B46625}"
EndProject
Project("{9A19103F-16F7-4668-BE54-9A1E7A4F7556}") = "HW3-1.3-2.3-3", "Homework\HW3-1.3-2.3-3\HW3-1.3-2.3-3.csproj", "{17F67E9A-5E97-4284-9595-F9618AC8627C}"
EndProject
Project("{9A19103F-16F7-4668-BE54-9A1E7A4F7556}") = "Classes.Exceptions", "Classes.Exceptions\Classes.Exceptions.csproj", "{138FE0F4-7576-43D0-BB50-390BA979665F}"
EndProject
Project("{9A19103F-16F7-4668-BE54-9A1E7A4F7556}") = "Classes.Relationships", "Classes.Relationships\Classes.Relationships.csproj", "{4E28FA6E-7153-4417-8517-1AE05D531185}"
EndProject
Project("{9A19103F-16F7-4668-BE54-9A1E7A4F7556}") = "Delegates", "Delegates\Delegates.csproj", "{25E90B32-3ADC-4BF0-AF3B-8D30C0DF1FB8}"
EndProject
Project("{9A19103F-16F7-4668-BE54-9A1E7A4F7556}") = "Generics.34", "Homework\Generics.34\Generics.34.csproj", "{84D662BF-210A-4F8F-83B6-0D20A2816523}"
EndProject
Project("{9A19103F-16F7-4668-BE54-9A1E7A4F7556}") = "HW41", "Homework\HW41\HW41.csproj", "{DF95E8C2-1955-4056-99F8-48129906B6CA}"
EndProject
Project("{9A19103F-16F7-4668-BE54-9A1E7A4F7556}") = "Collections", "Collections\Collections.csproj", "{4314324D-FA33-4DF5-AC4E-5CEC34DF1EF9}"
EndProject
Project("{9A19103F-16F7-4668-BE54-9A1E7A4F7556}") = "Comparison", "Comparison\Comparison.csproj", "{88853D90-45A4-434A-9863-5B3512DD5197}"
EndProject
Project("{2150E333-8FDC-42A3-9474-1A3956D46DE8}") = "Avalonia", "Avalonia", "{1A50D311-06FF-418A-A68A-9878C4D18069}"
	ProjectSection(SolutionItems) = preProject
		Avalonia\Readme.md = Avalonia\Readme.md
	EndProjectSection
EndProject
Project("{9A19103F-16F7-4668-BE54-9A1E7A4F7556}") = "FirstApplication", "Avalonia\FirstApplication\FirstApplication.csproj", "{B945D7DD-933D-4F60-BA60-87FBD548BC90}"
EndProject
Project("{9A19103F-16F7-4668-BE54-9A1E7A4F7556}") = "SecondApplication", "Avalonia\SecondApplication\SecondApplication.csproj", "{872D3EEA-195C-4D4F-8339-649359DCF442}"
EndProject
Project("{9A19103F-16F7-4668-BE54-9A1E7A4F7556}") = "ThirdApplication", "Avalonia\ThirdApplication\ThirdApplication.csproj", "{5F905638-0AA7-4275-89DA-B5593FD59DEE}"
EndProject
Project("{9A19103F-16F7-4668-BE54-9A1E7A4F7556}") = "FourthApplication", "Avalonia\FourthApplication\FourthApplication.csproj", "{C66937B6-8A89-4447-90B9-F7BD4450F93F}"
EndProject
Project("{9A19103F-16F7-4668-BE54-9A1E7A4F7556}") = "FifthApplication", "Avalonia\FifthApplication\FifthApplication.csproj", "{D2D1C2D4-D028-4054-9052-E7EB07678B1E}"
EndProject
Project("{9A19103F-16F7-4668-BE54-9A1E7A4F7556}") = "SixthApplication", "Avalonia\SixthApplication\SixthApplication.csproj", "{C02B248C-A5F1-4A57-BA35-F4DCF6B38FDE}"
EndProject
Project("{9A19103F-16F7-4668-BE54-9A1E7A4F7556}") = "GetStartedApp", "Avalonia\GetStartedApp\GetStartedApp.csproj", "{1230F025-FE05-4CFE-AEE2-D944F02E96CD}"
EndProject
Global
	GlobalSection(SolutionConfigurationPlatforms) = preSolution
		Debug|Any CPU = Debug|Any CPU
		Release|Any CPU = Release|Any CPU
	EndGlobalSection
	GlobalSection(ProjectConfigurationPlatforms) = postSolution
		{8F6BF900-C1C2-4574-A285-AB31A715D4F6}.Debug|Any CPU.ActiveCfg = Debug|Any CPU
		{8F6BF900-C1C2-4574-A285-AB31A715D4F6}.Debug|Any CPU.Build.0 = Debug|Any CPU
		{8F6BF900-C1C2-4574-A285-AB31A715D4F6}.Release|Any CPU.ActiveCfg = Release|Any CPU
		{8F6BF900-C1C2-4574-A285-AB31A715D4F6}.Release|Any CPU.Build.0 = Release|Any CPU
		{6293CD12-703B-45E9-93BB-D73CEE5B5320}.Debug|Any CPU.ActiveCfg = Debug|Any CPU
		{6293CD12-703B-45E9-93BB-D73CEE5B5320}.Debug|Any CPU.Build.0 = Debug|Any CPU
		{6293CD12-703B-45E9-93BB-D73CEE5B5320}.Release|Any CPU.ActiveCfg = Release|Any CPU
		{6293CD12-703B-45E9-93BB-D73CEE5B5320}.Release|Any CPU.Build.0 = Release|Any CPU
		{11FFD42D-E5AD-48AC-9730-50C402D9F6D2}.Debug|Any CPU.ActiveCfg = Debug|Any CPU
		{11FFD42D-E5AD-48AC-9730-50C402D9F6D2}.Debug|Any CPU.Build.0 = Debug|Any CPU
		{11FFD42D-E5AD-48AC-9730-50C402D9F6D2}.Release|Any CPU.ActiveCfg = Release|Any CPU
		{11FFD42D-E5AD-48AC-9730-50C402D9F6D2}.Release|Any CPU.Build.0 = Release|Any CPU
		{A6A4CAEE-FD73-46FC-B434-88EA2A65E9D4}.Debug|Any CPU.ActiveCfg = Debug|Any CPU
		{A6A4CAEE-FD73-46FC-B434-88EA2A65E9D4}.Debug|Any CPU.Build.0 = Debug|Any CPU
		{A6A4CAEE-FD73-46FC-B434-88EA2A65E9D4}.Release|Any CPU.ActiveCfg = Release|Any CPU
		{A6A4CAEE-FD73-46FC-B434-88EA2A65E9D4}.Release|Any CPU.Build.0 = Release|Any CPU
		{AFC57237-CA95-4E98-96C4-1BE94CD1CE40}.Debug|Any CPU.ActiveCfg = Debug|Any CPU
		{AFC57237-CA95-4E98-96C4-1BE94CD1CE40}.Debug|Any CPU.Build.0 = Debug|Any CPU
		{AFC57237-CA95-4E98-96C4-1BE94CD1CE40}.Release|Any CPU.ActiveCfg = Release|Any CPU
		{AFC57237-CA95-4E98-96C4-1BE94CD1CE40}.Release|Any CPU.Build.0 = Release|Any CPU
		{BC266546-6D99-47CB-93DB-3CA5276319EA}.Debug|Any CPU.ActiveCfg = Debug|Any CPU
		{BC266546-6D99-47CB-93DB-3CA5276319EA}.Debug|Any CPU.Build.0 = Debug|Any CPU
		{BC266546-6D99-47CB-93DB-3CA5276319EA}.Release|Any CPU.ActiveCfg = Release|Any CPU
		{BC266546-6D99-47CB-93DB-3CA5276319EA}.Release|Any CPU.Build.0 = Release|Any CPU
		{61AFB7C9-5573-4C28-938C-69EB5DE9D251}.Debug|Any CPU.ActiveCfg = Debug|Any CPU
		{61AFB7C9-5573-4C28-938C-69EB5DE9D251}.Debug|Any CPU.Build.0 = Debug|Any CPU
		{61AFB7C9-5573-4C28-938C-69EB5DE9D251}.Release|Any CPU.ActiveCfg = Release|Any CPU
		{61AFB7C9-5573-4C28-938C-69EB5DE9D251}.Release|Any CPU.Build.0 = Release|Any CPU
		{17F67E9A-5E97-4284-9595-F9618AC8627C}.Debug|Any CPU.ActiveCfg = Debug|Any CPU
		{17F67E9A-5E97-4284-9595-F9618AC8627C}.Debug|Any CPU.Build.0 = Debug|Any CPU
		{17F67E9A-5E97-4284-9595-F9618AC8627C}.Release|Any CPU.ActiveCfg = Release|Any CPU
		{17F67E9A-5E97-4284-9595-F9618AC8627C}.Release|Any CPU.Build.0 = Release|Any CPU
		{138FE0F4-7576-43D0-BB50-390BA979665F}.Debug|Any CPU.ActiveCfg = Debug|Any CPU
		{138FE0F4-7576-43D0-BB50-390BA979665F}.Debug|Any CPU.Build.0 = Debug|Any CPU
		{138FE0F4-7576-43D0-BB50-390BA979665F}.Release|Any CPU.ActiveCfg = Release|Any CPU
		{138FE0F4-7576-43D0-BB50-390BA979665F}.Release|Any CPU.Build.0 = Release|Any CPU
		{4E28FA6E-7153-4417-8517-1AE05D531185}.Debug|Any CPU.ActiveCfg = Debug|Any CPU
		{4E28FA6E-7153-4417-8517-1AE05D531185}.Debug|Any CPU.Build.0 = Debug|Any CPU
		{4E28FA6E-7153-4417-8517-1AE05D531185}.Release|Any CPU.ActiveCfg = Release|Any CPU
		{4E28FA6E-7153-4417-8517-1AE05D531185}.Release|Any CPU.Build.0 = Release|Any CPU
		{25E90B32-3ADC-4BF0-AF3B-8D30C0DF1FB8}.Debug|Any CPU.ActiveCfg = Debug|Any CPU
		{25E90B32-3ADC-4BF0-AF3B-8D30C0DF1FB8}.Debug|Any CPU.Build.0 = Debug|Any CPU
		{25E90B32-3ADC-4BF0-AF3B-8D30C0DF1FB8}.Release|Any CPU.ActiveCfg = Release|Any CPU
		{25E90B32-3ADC-4BF0-AF3B-8D30C0DF1FB8}.Release|Any CPU.Build.0 = Release|Any CPU
		{84D662BF-210A-4F8F-83B6-0D20A2816523}.Debug|Any CPU.ActiveCfg = Debug|Any CPU
		{84D662BF-210A-4F8F-83B6-0D20A2816523}.Debug|Any CPU.Build.0 = Debug|Any CPU
		{84D662BF-210A-4F8F-83B6-0D20A2816523}.Release|Any CPU.ActiveCfg = Release|Any CPU
		{84D662BF-210A-4F8F-83B6-0D20A2816523}.Release|Any CPU.Build.0 = Release|Any CPU
		{DF95E8C2-1955-4056-99F8-48129906B6CA}.Debug|Any CPU.ActiveCfg = Debug|Any CPU
		{DF95E8C2-1955-4056-99F8-48129906B6CA}.Debug|Any CPU.Build.0 = Debug|Any CPU
		{DF95E8C2-1955-4056-99F8-48129906B6CA}.Release|Any CPU.ActiveCfg = Release|Any CPU
		{DF95E8C2-1955-4056-99F8-48129906B6CA}.Release|Any CPU.Build.0 = Release|Any CPU
		{4314324D-FA33-4DF5-AC4E-5CEC34DF1EF9}.Debug|Any CPU.ActiveCfg = Debug|Any CPU
		{4314324D-FA33-4DF5-AC4E-5CEC34DF1EF9}.Debug|Any CPU.Build.0 = Debug|Any CPU
		{4314324D-FA33-4DF5-AC4E-5CEC34DF1EF9}.Release|Any CPU.ActiveCfg = Release|Any CPU
		{4314324D-FA33-4DF5-AC4E-5CEC34DF1EF9}.Release|Any CPU.Build.0 = Release|Any CPU
		{88853D90-45A4-434A-9863-5B3512DD5197}.Debug|Any CPU.ActiveCfg = Debug|Any CPU
		{88853D90-45A4-434A-9863-5B3512DD5197}.Debug|Any CPU.Build.0 = Debug|Any CPU
		{88853D90-45A4-434A-9863-5B3512DD5197}.Release|Any CPU.ActiveCfg = Release|Any CPU
		{88853D90-45A4-434A-9863-5B3512DD5197}.Release|Any CPU.Build.0 = Release|Any CPU
		{B945D7DD-933D-4F60-BA60-87FBD548BC90}.Debug|Any CPU.ActiveCfg = Debug|Any CPU
		{B945D7DD-933D-4F60-BA60-87FBD548BC90}.Debug|Any CPU.Build.0 = Debug|Any CPU
		{B945D7DD-933D-4F60-BA60-87FBD548BC90}.Release|Any CPU.ActiveCfg = Release|Any CPU
		{B945D7DD-933D-4F60-BA60-87FBD548BC90}.Release|Any CPU.Build.0 = Release|Any CPU
		{872D3EEA-195C-4D4F-8339-649359DCF442}.Debug|Any CPU.ActiveCfg = Debug|Any CPU
		{872D3EEA-195C-4D4F-8339-649359DCF442}.Debug|Any CPU.Build.0 = Debug|Any CPU
		{872D3EEA-195C-4D4F-8339-649359DCF442}.Release|Any CPU.ActiveCfg = Release|Any CPU
		{872D3EEA-195C-4D4F-8339-649359DCF442}.Release|Any CPU.Build.0 = Release|Any CPU
		{5F905638-0AA7-4275-89DA-B5593FD59DEE}.Debug|Any CPU.ActiveCfg = Debug|Any CPU
		{5F905638-0AA7-4275-89DA-B5593FD59DEE}.Debug|Any CPU.Build.0 = Debug|Any CPU
		{5F905638-0AA7-4275-89DA-B5593FD59DEE}.Release|Any CPU.ActiveCfg = Release|Any CPU
		{5F905638-0AA7-4275-89DA-B5593FD59DEE}.Release|Any CPU.Build.0 = Release|Any CPU
		{C66937B6-8A89-4447-90B9-F7BD4450F93F}.Debug|Any CPU.ActiveCfg = Debug|Any CPU
		{C66937B6-8A89-4447-90B9-F7BD4450F93F}.Debug|Any CPU.Build.0 = Debug|Any CPU
		{C66937B6-8A89-4447-90B9-F7BD4450F93F}.Release|Any CPU.ActiveCfg = Release|Any CPU
		{C66937B6-8A89-4447-90B9-F7BD4450F93F}.Release|Any CPU.Build.0 = Release|Any CPU
		{D2D1C2D4-D028-4054-9052-E7EB07678B1E}.Debug|Any CPU.ActiveCfg = Debug|Any CPU
		{D2D1C2D4-D028-4054-9052-E7EB07678B1E}.Debug|Any CPU.Build.0 = Debug|Any CPU
		{D2D1C2D4-D028-4054-9052-E7EB07678B1E}.Release|Any CPU.ActiveCfg = Release|Any CPU
		{D2D1C2D4-D028-4054-9052-E7EB07678B1E}.Release|Any CPU.Build.0 = Release|Any CPU
		{C02B248C-A5F1-4A57-BA35-F4DCF6B38FDE}.Debug|Any CPU.ActiveCfg = Debug|Any CPU
		{C02B248C-A5F1-4A57-BA35-F4DCF6B38FDE}.Debug|Any CPU.Build.0 = Debug|Any CPU
		{C02B248C-A5F1-4A57-BA35-F4DCF6B38FDE}.Release|Any CPU.ActiveCfg = Release|Any CPU
		{C02B248C-A5F1-4A57-BA35-F4DCF6B38FDE}.Release|Any CPU.Build.0 = Release|Any CPU
		{1230F025-FE05-4CFE-AEE2-D944F02E96CD}.Debug|Any CPU.ActiveCfg = Debug|Any CPU
		{1230F025-FE05-4CFE-AEE2-D944F02E96CD}.Debug|Any CPU.Build.0 = Debug|Any CPU
		{1230F025-FE05-4CFE-AEE2-D944F02E96CD}.Release|Any CPU.ActiveCfg = Release|Any CPU
		{1230F025-FE05-4CFE-AEE2-D944F02E96CD}.Release|Any CPU.Build.0 = Release|Any CPU
	EndGlobalSection
	GlobalSection(SolutionProperties) = preSolution
		HideSolutionNode = FALSE
	EndGlobalSection
	GlobalSection(NestedProjects) = preSolution
		{11FFD42D-E5AD-48AC-9730-50C402D9F6D2} = {DAFADE50-9479-4F4B-9BF2-11C19CD68D2F}
		{AFC57237-CA95-4E98-96C4-1BE94CD1CE40} = {DAFADE50-9479-4F4B-9BF2-11C19CD68D2F}
		{17F67E9A-5E97-4284-9595-F9618AC8627C} = {9E201C40-6788-4980-9FDC-BA5590B46625}
		{84D662BF-210A-4F8F-83B6-0D20A2816523} = {9E201C40-6788-4980-9FDC-BA5590B46625}
		{DF95E8C2-1955-4056-99F8-48129906B6CA} = {9E201C40-6788-4980-9FDC-BA5590B46625}
		{B945D7DD-933D-4F60-BA60-87FBD548BC90} = {1A50D311-06FF-418A-A68A-9878C4D18069}
		{872D3EEA-195C-4D4F-8339-649359DCF442} = {1A50D311-06FF-418A-A68A-9878C4D18069}
		{5F905638-0AA7-4275-89DA-B5593FD59DEE} = {1A50D311-06FF-418A-A68A-9878C4D18069}
		{C66937B6-8A89-4447-90B9-F7BD4450F93F} = {1A50D311-06FF-418A-A68A-9878C4D18069}
		{D2D1C2D4-D028-4054-9052-E7EB07678B1E} = {1A50D311-06FF-418A-A68A-9878C4D18069}
		{C02B248C-A5F1-4A57-BA35-F4DCF6B38FDE} = {1A50D311-06FF-418A-A68A-9878C4D18069}
		{1230F025-FE05-4CFE-AEE2-D944F02E96CD} = {1A50D311-06FF-418A-A68A-9878C4D18069}
	EndGlobalSection
	GlobalSection(ExtensibilityGlobals) = postSolution
		SolutionGuid = {5B7142E2-B9DB-4FB8-8749-05B1A7ACA74E}
	EndGlobalSection
EndGlobal
