
Microsoft Visual Studio Solution File, Format Version 12.00
# Visual Studio Version 17
VisualStudioVersion = 17.8.34408.163
MinimumVisualStudioVersion = 10.0.40219.1
Project("{9A19103F-16F7-4668-BE54-9A1E7A4F7556}") = "Arrays", "Arrays\Arrays.csproj", "{8F6BF900-C1C2-4574-A285-AB31A715D4F6}"
EndProject
Project("{2150E333-8FDC-42A3-9474-1A3956D46DE8}") = "ClassLibraries", "ClassLibraries", "{DAFADE50-9479-4F4B-9BF2-11C19CD68D2F}"
EndProject
Project("{9A19103F-16F7-4668-BE54-9A1E7A4F7556}") = "StaticClasses", "StaticClasses\StaticClasses.csproj", "{6293CD12-703B-45E9-93BB-D73CEE5B5320}"
EndProject
Global
	GlobalSection(SolutionConfigurationPlatforms) = preSolution
		Debug|Any CPU = Debug|Any CPU
		Release|Any CPU = Release|Any CPU
	EndGlobalSection
	GlobalSection(ProjectConfigurationPlatforms) = postSolution
		{8F6BF900-C1C2-4574-A285-AB31A715D4F6}.Debug|Any CPU.ActiveCfg = Debug|Any CPU
		{8F6BF900-C1C2-4574-A285-AB31A715D4F6}.Debug|Any CPU.Build.0 = Debug|Any CPU
		{8F6BF900-C1C2-4574-A285-AB31A715D4F6}.Release|Any CPU.ActiveCfg = Release|Any CPU
		{8F6BF900-C1C2-4574-A285-AB31A715D4F6}.Release|Any CPU.Build.0 = Release|Any CPU
		{6293CD12-703B-45E9-93BB-D73CEE5B5320}.Debug|Any CPU.ActiveCfg = Debug|Any CPU
		{6293CD12-703B-45E9-93BB-D73CEE5B5320}.Debug|Any CPU.Build.0 = Debug|Any CPU
		{6293CD12-703B-45E9-93BB-D73CEE5B5320}.Release|Any CPU.ActiveCfg = Release|Any CPU
		{6293CD12-703B-45E9-93BB-D73CEE5B5320}.Release|Any CPU.Build.0 = Release|Any CPU
	EndGlobalSection
	GlobalSection(SolutionProperties) = preSolution
		HideSolutionNode = FALSE
	EndGlobalSection
	GlobalSection(ExtensibilityGlobals) = postSolution
		SolutionGuid = {5B7142E2-B9DB-4FB8-8749-05B1A7ACA74E}
	EndGlobalSection
EndGlobal
